
Microsoft Visual Studio Solution File, Format Version 12.00
# Visual Studio 15
VisualStudioVersion = 15.0.28307.852
MinimumVisualStudioVersion = 10.0.40219.1
Project("{888888A0-9F3D-457C-B088-3A5042F75D52}") = "Cat-Tracker", "Cat-Tracker.pyproj", "{1785C02D-1043-4703-BDAE-30B6FAC1B2A2}"
EndProject
Global
	GlobalSection(SolutionConfigurationPlatforms) = preSolution
		Debug|Any CPU = Debug|Any CPU
		Release|Any CPU = Release|Any CPU
	EndGlobalSection
	GlobalSection(ProjectConfigurationPlatforms) = postSolution
		{1785C02D-1043-4703-BDAE-30B6FAC1B2A2}.Debug|Any CPU.ActiveCfg = Debug|Any CPU
		{1785C02D-1043-4703-BDAE-30B6FAC1B2A2}.Release|Any CPU.ActiveCfg = Release|Any CPU
	EndGlobalSection
	GlobalSection(SolutionProperties) = preSolution
		HideSolutionNode = FALSE
	EndGlobalSection
	GlobalSection(ExtensibilityGlobals) = postSolution
		SolutionGuid = {2D9A73C9-3488-407C-9B93-7D52694FCA55}
	EndGlobalSection
EndGlobal
